// !$*UTF8*$!
{
	archiveVersion = 1;
	classes = {
	};
	objectVersion = 54;
	objects = {

/* Begin PBXBuildFile section */
		A914D25E281F2FAE00D64ABC /* AppDelegate.swift in Sources */ = {isa = PBXBuildFile; fileRef = A914D25D281F2FAE00D64ABC /* AppDelegate.swift */; };
		A914D260281F2FAE00D64ABC /* SceneDelegate.swift in Sources */ = {isa = PBXBuildFile; fileRef = A914D25F281F2FAE00D64ABC /* SceneDelegate.swift */; };
		A914D262281F2FAE00D64ABC /* ViewController.swift in Sources */ = {isa = PBXBuildFile; fileRef = A914D261281F2FAE00D64ABC /* ViewController.swift */; };
		A914D265281F2FAE00D64ABC /* Main.storyboard in Resources */ = {isa = PBXBuildFile; fileRef = A914D263281F2FAE00D64ABC /* Main.storyboard */; };
		A914D267281F2FAF00D64ABC /* Assets.xcassets in Resources */ = {isa = PBXBuildFile; fileRef = A914D266281F2FAF00D64ABC /* Assets.xcassets */; };
		A914D26A281F2FAF00D64ABC /* LaunchScreen.storyboard in Resources */ = {isa = PBXBuildFile; fileRef = A914D268281F2FAF00D64ABC /* LaunchScreen.storyboard */; };
		A914D272281F357100D64ABC /* GradientView.swift in Sources */ = {isa = PBXBuildFile; fileRef = A914D271281F357100D64ABC /* GradientView.swift */; };
/* End PBXBuildFile section */

/* Begin PBXFileReference section */
		A914D25A281F2FAE00D64ABC /* ProvaA.app */ = {isa = PBXFileReference; explicitFileType = wrapper.application; includeInIndex = 0; path = ProvaA.app; sourceTree = BUILT_PRODUCTS_DIR; };
		A914D25D281F2FAE00D64ABC /* AppDelegate.swift */ = {isa = PBXFileReference; lastKnownFileType = sourcecode.swift; path = AppDelegate.swift; sourceTree = "<group>"; };
		A914D25F281F2FAE00D64ABC /* SceneDelegate.swift */ = {isa = PBXFileReference; lastKnownFileType = sourcecode.swift; path = SceneDelegate.swift; sourceTree = "<group>"; };
		A914D261281F2FAE00D64ABC /* ViewController.swift */ = {isa = PBXFileReference; lastKnownFileType = sourcecode.swift; path = ViewController.swift; sourceTree = "<group>"; };
		A914D264281F2FAE00D64ABC /* Base */ = {isa = PBXFileReference; lastKnownFileType = file.storyboard; name = Base; path = Base.lproj/Main.storyboard; sourceTree = "<group>"; };
		A914D266281F2FAF00D64ABC /* Assets.xcassets */ = {isa = PBXFileReference; lastKnownFileType = folder.assetcatalog; path = Assets.xcassets; sourceTree = "<group>"; };
		A914D269281F2FAF00D64ABC /* Base */ = {isa = PBXFileReference; lastKnownFileType = file.storyboard; name = Base; path = Base.lproj/LaunchScreen.storyboard; sourceTree = "<group>"; };
		A914D26B281F2FAF00D64ABC /* Info.plist */ = {isa = PBXFileReference; lastKnownFileType = text.plist.xml; path = Info.plist; sourceTree = "<group>"; };
		A914D271281F357100D64ABC /* GradientView.swift */ = {isa = PBXFileReference; lastKnownFileType = sourcecode.swift; path = GradientView.swift; sourceTree = "<group>"; };
/* End PBXFileReference section */

/* Begin PBXFrameworksBuildPhase section */
		A914D257281F2FAE00D64ABC /* Frameworks */ = {
			isa = PBXFrameworksBuildPhase;
			buildActionMask = 2147483647;
			files = (
			);
			runOnlyForDeploymentPostprocessing = 0;
		};
/* End PBXFrameworksBuildPhase section */

/* Begin PBXGroup section */
		A914D251281F2FAE00D64ABC = {
			isa = PBXGroup;
			children = (
				A914D25C281F2FAE00D64ABC /* ProvaA */,
				A914D25B281F2FAE00D64ABC /* Products */,
			);
			sourceTree = "<group>";
		};
		A914D25B281F2FAE00D64ABC /* Products */ = {
			isa = PBXGroup;
			children = (
				A914D25A281F2FAE00D64ABC /* ProvaA.app */,
			);
			name = Products;
			sourceTree = "<group>";
		};
		A914D25C281F2FAE00D64ABC /* ProvaA */ = {
			isa = PBXGroup;
			children = (
				A914D276281F45D400D64ABC /* Supporting Files */,
				A914D275281F45C700D64ABC /* Resources */,
				A914D274281F45BB00D64ABC /* Controller */,
				A914D273281F45AD00D64ABC /* View */,
				A914D25D281F2FAE00D64ABC /* AppDelegate.swift */,
				A914D25F281F2FAE00D64ABC /* SceneDelegate.swift */,
			);
			path = ProvaA;
			sourceTree = "<group>";
		};
		A914D273281F45AD00D64ABC /* View */ = {
			isa = PBXGroup;
			children = (
				A914D263281F2FAE00D64ABC /* Main.storyboard */,
				A914D271281F357100D64ABC /* GradientView.swift */,
			);
			path = View;
			sourceTree = "<group>";
		};
		A914D274281F45BB00D64ABC /* Controller */ = {
			isa = PBXGroup;
			children = (
				A914D261281F2FAE00D64ABC /* ViewController.swift */,
			);
			path = Controller;
			sourceTree = "<group>";
		};
		A914D275281F45C700D64ABC /* Resources */ = {
			isa = PBXGroup;
			children = (
				A914D266281F2FAF00D64ABC /* Assets.xcassets */,
			);
			path = Resources;
			sourceTree = "<group>";
		};
		A914D276281F45D400D64ABC /* Supporting Files */ = {
			isa = PBXGroup;
			children = (
				A914D26B281F2FAF00D64ABC /* Info.plist */,
				A914D268281F2FAF00D64ABC /* LaunchScreen.storyboard */,
			);
			path = "Supporting Files";
			sourceTree = "<group>";
		};
/* End PBXGroup section */

/* Begin PBXNativeTarget section */
		A914D259281F2FAE00D64ABC /* ProvaA */ = {
			isa = PBXNativeTarget;
			buildConfigurationList = A914D26E281F2FAF00D64ABC /* Build configuration list for PBXNativeTarget "ProvaA" */;
			buildPhases = (
				A914D256281F2FAE00D64ABC /* Sources */,
				A914D257281F2FAE00D64ABC /* Frameworks */,
				A914D258281F2FAE00D64ABC /* Resources */,
			);
			buildRules = (
			);
			dependencies = (
			);
			name = ProvaA;
			productName = ProvaA;
			productReference = A914D25A281F2FAE00D64ABC /* ProvaA.app */;
			productType = "com.apple.product-type.application";
		};
/* End PBXNativeTarget section */

/* Begin PBXProject section */
		A914D252281F2FAE00D64ABC /* Project object */ = {
			isa = PBXProject;
			attributes = {
				BuildIndependentTargetsInParallel = 1;
				LastSwiftUpdateCheck = 1320;
				LastUpgradeCheck = 1320;
				TargetAttributes = {
					A914D259281F2FAE00D64ABC = {
						CreatedOnToolsVersion = 13.2.1;
					};
				};
			};
			buildConfigurationList = A914D255281F2FAE00D64ABC /* Build configuration list for PBXProject "ProvaA" */;
			compatibilityVersion = "Xcode 12.0";
			developmentRegion = en;
			hasScannedForEncodings = 0;
			knownRegions = (
				en,
				Base,
			);
			mainGroup = A914D251281F2FAE00D64ABC;
			productRefGroup = A914D25B281F2FAE00D64ABC /* Products */;
			projectDirPath = "";
			projectRoot = "";
			targets = (
				A914D259281F2FAE00D64ABC /* ProvaA */,
			);
		};
/* End PBXProject section */

/* Begin PBXResourcesBuildPhase section */
		A914D258281F2FAE00D64ABC /* Resources */ = {
			isa = PBXResourcesBuildPhase;
			buildActionMask = 2147483647;
			files = (
				A914D26A281F2FAF00D64ABC /* LaunchScreen.storyboard in Resources */,
				A914D267281F2FAF00D64ABC /* Assets.xcassets in Resources */,
				A914D265281F2FAE00D64ABC /* Main.storyboard in Resources */,
			);
			runOnlyForDeploymentPostprocessing = 0;
		};
/* End PBXResourcesBuildPhase section */

/* Begin PBXSourcesBuildPhase section */
		A914D256281F2FAE00D64ABC /* Sources */ = {
			isa = PBXSourcesBuildPhase;
			buildActionMask = 2147483647;
			files = (
				A914D262281F2FAE00D64ABC /* ViewController.swift in Sources */,
				A914D25E281F2FAE00D64ABC /* AppDelegate.swift in Sources */,
				A914D272281F357100D64ABC /* GradientView.swift in Sources */,
				A914D260281F2FAE00D64ABC /* SceneDelegate.swift in Sources */,
			);
			runOnlyForDeploymentPostprocessing = 0;
		};
/* End PBXSourcesBuildPhase section */

/* Begin PBXVariantGroup section */
		A914D263281F2FAE00D64ABC /* Main.storyboard */ = {
			isa = PBXVariantGroup;
			children = (
				A914D264281F2FAE00D64ABC /* Base */,
			);
			name = Main.storyboard;
			sourceTree = "<group>";
		};
		A914D268281F2FAF00D64ABC /* LaunchScreen.storyboard */ = {
			isa = PBXVariantGroup;
			children = (
				A914D269281F2FAF00D64ABC /* Base */,
			);
			name = LaunchScreen.storyboard;
			sourceTree = "<group>";
		};
/* End PBXVariantGroup section */

/* Begin XCBuildConfiguration section */
		A914D26C281F2FAF00D64ABC /* Debug */ = {
			isa = XCBuildConfiguration;
			buildSettings = {
				ALWAYS_SEARCH_USER_PATHS = NO;
				CLANG_ANALYZER_NONNULL = YES;
				CLANG_ANALYZER_NUMBER_OBJECT_CONVERSION = YES_AGGRESSIVE;
				CLANG_CXX_LANGUAGE_STANDARD = "gnu++17";
				CLANG_CXX_LIBRARY = "libc++";
				CLANG_ENABLE_MODULES = YES;
				CLANG_ENABLE_OBJC_ARC = YES;
				CLANG_ENABLE_OBJC_WEAK = YES;
				CLANG_WARN_BLOCK_CAPTURE_AUTORELEASING = YES;
				CLANG_WARN_BOOL_CONVERSION = YES;
				CLANG_WARN_COMMA = YES;
				CLANG_WARN_CONSTANT_CONVERSION = YES;
				CLANG_WARN_DEPRECATED_OBJC_IMPLEMENTATIONS = YES;
				CLANG_WARN_DIRECT_OBJC_ISA_USAGE = YES_ERROR;
				CLANG_WARN_DOCUMENTATION_COMMENTS = YES;
				CLANG_WARN_EMPTY_BODY = YES;
				CLANG_WARN_ENUM_CONVERSION = YES;
				CLANG_WARN_INFINITE_RECURSION = YES;
				CLANG_WARN_INT_CONVERSION = YES;
				CLANG_WARN_NON_LITERAL_NULL_CONVERSION = YES;
				CLANG_WARN_OBJC_IMPLICIT_RETAIN_SELF = YES;
				CLANG_WARN_OBJC_LITERAL_CONVERSION = YES;
				CLANG_WARN_OBJC_ROOT_CLASS = YES_ERROR;
				CLANG_WARN_QUOTED_INCLUDE_IN_FRAMEWORK_HEADER = YES;
				CLANG_WARN_RANGE_LOOP_ANALYSIS = YES;
				CLANG_WARN_STRICT_PROTOTYPES = YES;
				CLANG_WARN_SUSPICIOUS_MOVE = YES;
				CLANG_WARN_UNGUARDED_AVAILABILITY = YES_AGGRESSIVE;
				CLANG_WARN_UNREACHABLE_CODE = YES;
				CLANG_WARN__DUPLICATE_METHOD_MATCH = YES;
				COPY_PHASE_STRIP = NO;
				DEBUG_INFORMATION_FORMAT = dwarf;
				ENABLE_STRICT_OBJC_MSGSEND = YES;
				ENABLE_TESTABILITY = YES;
				GCC_C_LANGUAGE_STANDARD = gnu11;
				GCC_DYNAMIC_NO_PIC = NO;
				GCC_NO_COMMON_BLOCKS = YES;
				GCC_OPTIMIZATION_LEVEL = 0;
				GCC_PREPROCESSOR_DEFINITIONS = (
					"DEBUG=1",
					"$(inherited)",
				);
				GCC_WARN_64_TO_32_BIT_CONVERSION = YES;
				GCC_WARN_ABOUT_RETURN_TYPE = YES_ERROR;
				GCC_WARN_UNDECLARED_SELECTOR = YES;
				GCC_WARN_UNINITIALIZED_AUTOS = YES_AGGRESSIVE;
				GCC_WARN_UNUSED_FUNCTION = YES;
				GCC_WARN_UNUSED_VARIABLE = YES;
				IPHONEOS_DEPLOYMENT_TARGET = 13.0;
				MTL_ENABLE_DEBUG_INFO = INCLUDE_SOURCE;
				MTL_FAST_MATH = YES;
				ONLY_ACTIVE_ARCH = YES;
				SDKROOT = iphoneos;
				SWIFT_ACTIVE_COMPILATION_CONDITIONS = DEBUG;
				SWIFT_OPTIMIZATION_LEVEL = "-Onone";
			};
			name = Debug;
		};
		A914D26D281F2FAF00D64ABC /* Release */ = {
			isa = XCBuildConfiguration;
			buildSettings = {
				ALWAYS_SEARCH_USER_PATHS = NO;
				CLANG_ANALYZER_NONNULL = YES;
				CLANG_ANALYZER_NUMBER_OBJECT_CONVERSION = YES_AGGRESSIVE;
				CLANG_CXX_LANGUAGE_STANDARD = "gnu++17";
				CLANG_CXX_LIBRARY = "libc++";
				CLANG_ENABLE_MODULES = YES;
				CLANG_ENABLE_OBJC_ARC = YES;
				CLANG_ENABLE_OBJC_WEAK = YES;
				CLANG_WARN_BLOCK_CAPTURE_AUTORELEASING = YES;
				CLANG_WARN_BOOL_CONVERSION = YES;
				CLANG_WARN_COMMA = YES;
				CLANG_WARN_CONSTANT_CONVERSION = YES;
				CLANG_WARN_DEPRECATED_OBJC_IMPLEMENTATIONS = YES;
				CLANG_WARN_DIRECT_OBJC_ISA_USAGE = YES_ERROR;
				CLANG_WARN_DOCUMENTATION_COMMENTS = YES;
				CLANG_WARN_EMPTY_BODY = YES;
				CLANG_WARN_ENUM_CONVERSION = YES;
				CLANG_WARN_INFINITE_RECURSION = YES;
				CLANG_WARN_INT_CONVERSION = YES;
				CLANG_WARN_NON_LITERAL_NULL_CONVERSION = YES;
				CLANG_WARN_OBJC_IMPLICIT_RETAIN_SELF = YES;
				CLANG_WARN_OBJC_LITERAL_CONVERSION = YES;
				CLANG_WARN_OBJC_ROOT_CLASS = YES_ERROR;
				CLANG_WARN_QUOTED_INCLUDE_IN_FRAMEWORK_HEADER = YES;
				CLANG_WARN_RANGE_LOOP_ANALYSIS = YES;
				CLANG_WARN_STRICT_PROTOTYPES = YES;
				CLANG_WARN_SUSPICIOUS_MOVE = YES;
				CLANG_WARN_UNGUARDED_AVAILABILITY = YES_AGGRESSIVE;
				CLANG_WARN_UNREACHABLE_CODE = YES;
				CLANG_WARN__DUPLICATE_METHOD_MATCH = YES;
				COPY_PHASE_STRIP = NO;
				DEBUG_INFORMATION_FORMAT = "dwarf-with-dsym";
				ENABLE_NS_ASSERTIONS = NO;
				ENABLE_STRICT_OBJC_MSGSEND = YES;
				GCC_C_LANGUAGE_STANDARD = gnu11;
				GCC_NO_COMMON_BLOCKS = YES;
				GCC_WARN_64_TO_32_BIT_CONVERSION = YES;
				GCC_WARN_ABOUT_RETURN_TYPE = YES_ERROR;
				GCC_WARN_UNDECLARED_SELECTOR = YES;
				GCC_WARN_UNINITIALIZED_AUTOS = YES_AGGRESSIVE;
				GCC_WARN_UNUSED_FUNCTION = YES;
				GCC_WARN_UNUSED_VARIABLE = YES;
				IPHONEOS_DEPLOYMENT_TARGET = 13.0;
				MTL_ENABLE_DEBUG_INFO = NO;
				MTL_FAST_MATH = YES;
				SDKROOT = iphoneos;
				SWIFT_COMPILATION_MODE = wholemodule;
				SWIFT_OPTIMIZATION_LEVEL = "-O";
				VALIDATE_PRODUCT = YES;
			};
			name = Release;
		};
		A914D26F281F2FAF00D64ABC /* Debug */ = {
			isa = XCBuildConfiguration;
			buildSettings = {
				ASSETCATALOG_COMPILER_APPICON_NAME = AppIcon;
				ASSETCATALOG_COMPILER_GLOBAL_ACCENT_COLOR_NAME = AccentColor;
				CODE_SIGN_STYLE = Automatic;
				CURRENT_PROJECT_VERSION = 1;
				GENERATE_INFOPLIST_FILE = YES;
				INFOPLIST_FILE = "ProvaA/Supporting Files/Info.plist";
				INFOPLIST_KEY_UIApplicationSupportsIndirectInputEvents = YES;
				INFOPLIST_KEY_UILaunchStoryboardName = LaunchScreen;
				INFOPLIST_KEY_UIMainStoryboardFile = Main;
				INFOPLIST_KEY_UISupportedInterfaceOrientations_iPad = "UIInterfaceOrientationPortrait UIInterfaceOrientationPortraitUpsideDown UIInterfaceOrientationLandscapeLeft UIInterfaceOrientationLandscapeRight";
				INFOPLIST_KEY_UISupportedInterfaceOrientations_iPhone = "UIInterfaceOrientationPortrait UIInterfaceOrientationLandscapeLeft UIInterfaceOrientationLandscapeRight";
				IPHONEOS_DEPLOYMENT_TARGET = 13.0;
				LD_RUNPATH_SEARCH_PATHS = (
					"$(inherited)",
					"@executable_path/Frameworks",
				);
				MARKETING_VERSION = 1.0;
				PRODUCT_BUNDLE_IDENTIFIER = com.cotemig.ProvaA;
				PRODUCT_NAME = "$(TARGET_NAME)";
				SWIFT_EMIT_LOC_STRINGS = YES;
				SWIFT_VERSION = 5.0;
				TARGETED_DEVICE_FAMILY = "1,2";
			};
			name = Debug;
		};
		A914D270281F2FAF00D64ABC /* Release */ = {
			isa = XCBuildConfiguration;
			buildSettings = {
				ASSETCATALOG_COMPILER_APPICON_NAME = AppIcon;
				ASSETCATALOG_COMPILER_GLOBAL_ACCENT_COLOR_NAME = AccentColor;
				CODE_SIGN_STYLE = Automatic;
				CURRENT_PROJECT_VERSION = 1;
				GENERATE_INFOPLIST_FILE = YES;
				INFOPLIST_FILE = "ProvaA/Supporting Files/Info.plist";
				INFOPLIST_KEY_UIApplicationSupportsIndirectInputEvents = YES;
				INFOPLIST_KEY_UILaunchStoryboardName = LaunchScreen;
				INFOPLIST_KEY_UIMainStoryboardFile = Main;
				INFOPLIST_KEY_UISupportedInterfaceOrientations_iPad = "UIInterfaceOrientationPortrait UIInterfaceOrientationPortraitUpsideDown UIInterfaceOrientationLandscapeLeft UIInterfaceOrientationLandscapeRight";
				INFOPLIST_KEY_UISupportedInterfaceOrientations_iPhone = "UIInterfaceOrientationPortrait UIInterfaceOrientationLandscapeLeft UIInterfaceOrientationLandscapeRight";
				IPHONEOS_DEPLOYMENT_TARGET = 13.0;
				LD_RUNPATH_SEARCH_PATHS = (
					"$(inherited)",
					"@executable_path/Frameworks",
				);
				MARKETING_VERSION = 1.0;
				PRODUCT_BUNDLE_IDENTIFIER = com.cotemig.ProvaA;
				PRODUCT_NAME = "$(TARGET_NAME)";
				SWIFT_EMIT_LOC_STRINGS = YES;
				SWIFT_VERSION = 5.0;
				TARGETED_DEVICE_FAMILY = "1,2";
			};
			name = Release;
		};
/* End XCBuildConfiguration section */

/* Begin XCConfigurationList section */
		A914D255281F2FAE00D64ABC /* Build configuration list for PBXProject "ProvaA" */ = {
			isa = XCConfigurationList;
			buildConfigurations = (
				A914D26C281F2FAF00D64ABC /* Debug */,
				A914D26D281F2FAF00D64ABC /* Release */,
			);
			defaultConfigurationIsVisible = 0;
			defaultConfigurationName = Release;
		};
		A914D26E281F2FAF00D64ABC /* Build configuration list for PBXNativeTarget "ProvaA" */ = {
			isa = XCConfigurationList;
			buildConfigurations = (
				A914D26F281F2FAF00D64ABC /* Debug */,
				A914D270281F2FAF00D64ABC /* Release */,
			);
			defaultConfigurationIsVisible = 0;
			defaultConfigurationName = Release;
		};
/* End XCConfigurationList section */
	};
	rootObject = A914D252281F2FAE00D64ABC /* Project object */;
}
